
Microsoft Visual Studio Solution File, Format Version 12.00
# Visual Studio Version 16
VisualStudioVersion = 16.0.31129.286
MinimumVisualStudioVersion = 15.0.26124.0
Project("{6EC3EE1D-3C4E-46DD-8F32-0CC8E7565705}") = "SampleApp", "SampleApp\SampleApp.fsproj", "{DD3CC6D7-3450-4AD9-A859-8421F3559E73}"
EndProject
Project("{6EC3EE1D-3C4E-46DD-8F32-0CC8E7565705}") = "SqlHydra", "SqlHydra\SqlHydra.fsproj", "{FEBE6E34-B068-4ABC-87E2-FFB0CAD3931D}"
EndProject
Project("{2150E333-8FDC-42A3-9474-1A3956D46DE8}") = "Sample", "Sample", "{B50A38B7-ECD7-4E56-B1CA-45A3E951870D}"
EndProject
Project("{2150E333-8FDC-42A3-9474-1A3956D46DE8}") = "_Tests", "_Tests", "{D0FB7EBA-9703-4DDC-BCCB-4032990BC9BC}"
EndProject
Project("{6EC3EE1D-3C4E-46DD-8F32-0CC8E7565705}") = "SqlHydra.SqlServer", "SqlHydra.SqlServer\SqlHydra.SqlServer.fsproj", "{B8A5DF20-CA2D-45B3-B1E5-50986703D899}"
EndProject
Project("{6EC3EE1D-3C4E-46DD-8F32-0CC8E7565705}") = "SqlHydra.Sqlite", "SqlHydra.Sqlite\SqlHydra.Sqlite.fsproj", "{C2F002EB-5866-45AA-BBAD-DD5DA5AB4DCA}"
EndProject
Project("{6EC3EE1D-3C4E-46DD-8F32-0CC8E7565705}") = "SqlHydra.Query", "SqlHydra.Query\SqlHydra.Query.fsproj", "{C267EA2E-73EA-4A12-A346-2EA5872A8DC9}"
EndProject
Project("{6EC3EE1D-3C4E-46DD-8F32-0CC8E7565705}") = "Tests", "Tests\Tests.fsproj", "{EC3AD3AE-63C3-4ED9-B6C8-38D17F3F8BC2}"
EndProject
Global
	GlobalSection(SolutionConfigurationPlatforms) = preSolution
		Debug|Any CPU = Debug|Any CPU
		Debug|x64 = Debug|x64
		Debug|x86 = Debug|x86
		Release|Any CPU = Release|Any CPU
		Release|x64 = Release|x64
		Release|x86 = Release|x86
	EndGlobalSection
	GlobalSection(ProjectConfigurationPlatforms) = postSolution
		{DD3CC6D7-3450-4AD9-A859-8421F3559E73}.Debug|Any CPU.ActiveCfg = Debug|Any CPU
		{DD3CC6D7-3450-4AD9-A859-8421F3559E73}.Debug|Any CPU.Build.0 = Debug|Any CPU
		{DD3CC6D7-3450-4AD9-A859-8421F3559E73}.Debug|x64.ActiveCfg = Debug|Any CPU
		{DD3CC6D7-3450-4AD9-A859-8421F3559E73}.Debug|x64.Build.0 = Debug|Any CPU
		{DD3CC6D7-3450-4AD9-A859-8421F3559E73}.Debug|x86.ActiveCfg = Debug|Any CPU
		{DD3CC6D7-3450-4AD9-A859-8421F3559E73}.Debug|x86.Build.0 = Debug|Any CPU
		{DD3CC6D7-3450-4AD9-A859-8421F3559E73}.Release|Any CPU.ActiveCfg = Release|Any CPU
		{DD3CC6D7-3450-4AD9-A859-8421F3559E73}.Release|Any CPU.Build.0 = Release|Any CPU
		{DD3CC6D7-3450-4AD9-A859-8421F3559E73}.Release|x64.ActiveCfg = Release|Any CPU
		{DD3CC6D7-3450-4AD9-A859-8421F3559E73}.Release|x64.Build.0 = Release|Any CPU
		{DD3CC6D7-3450-4AD9-A859-8421F3559E73}.Release|x86.ActiveCfg = Release|Any CPU
		{DD3CC6D7-3450-4AD9-A859-8421F3559E73}.Release|x86.Build.0 = Release|Any CPU
		{FEBE6E34-B068-4ABC-87E2-FFB0CAD3931D}.Debug|Any CPU.ActiveCfg = Debug|Any CPU
		{FEBE6E34-B068-4ABC-87E2-FFB0CAD3931D}.Debug|Any CPU.Build.0 = Debug|Any CPU
		{FEBE6E34-B068-4ABC-87E2-FFB0CAD3931D}.Debug|x64.ActiveCfg = Debug|Any CPU
		{FEBE6E34-B068-4ABC-87E2-FFB0CAD3931D}.Debug|x64.Build.0 = Debug|Any CPU
		{FEBE6E34-B068-4ABC-87E2-FFB0CAD3931D}.Debug|x86.ActiveCfg = Debug|Any CPU
		{FEBE6E34-B068-4ABC-87E2-FFB0CAD3931D}.Debug|x86.Build.0 = Debug|Any CPU
		{FEBE6E34-B068-4ABC-87E2-FFB0CAD3931D}.Release|Any CPU.ActiveCfg = Release|Any CPU
		{FEBE6E34-B068-4ABC-87E2-FFB0CAD3931D}.Release|Any CPU.Build.0 = Release|Any CPU
		{FEBE6E34-B068-4ABC-87E2-FFB0CAD3931D}.Release|x64.ActiveCfg = Release|Any CPU
		{FEBE6E34-B068-4ABC-87E2-FFB0CAD3931D}.Release|x64.Build.0 = Release|Any CPU
		{FEBE6E34-B068-4ABC-87E2-FFB0CAD3931D}.Release|x86.ActiveCfg = Release|Any CPU
		{FEBE6E34-B068-4ABC-87E2-FFB0CAD3931D}.Release|x86.Build.0 = Release|Any CPU
		{B8A5DF20-CA2D-45B3-B1E5-50986703D899}.Debug|Any CPU.ActiveCfg = Debug|Any CPU
		{B8A5DF20-CA2D-45B3-B1E5-50986703D899}.Debug|Any CPU.Build.0 = Debug|Any CPU
		{B8A5DF20-CA2D-45B3-B1E5-50986703D899}.Debug|x64.ActiveCfg = Debug|Any CPU
		{B8A5DF20-CA2D-45B3-B1E5-50986703D899}.Debug|x64.Build.0 = Debug|Any CPU
		{B8A5DF20-CA2D-45B3-B1E5-50986703D899}.Debug|x86.ActiveCfg = Debug|Any CPU
		{B8A5DF20-CA2D-45B3-B1E5-50986703D899}.Debug|x86.Build.0 = Debug|Any CPU
		{B8A5DF20-CA2D-45B3-B1E5-50986703D899}.Release|Any CPU.ActiveCfg = Release|Any CPU
		{B8A5DF20-CA2D-45B3-B1E5-50986703D899}.Release|Any CPU.Build.0 = Release|Any CPU
		{B8A5DF20-CA2D-45B3-B1E5-50986703D899}.Release|x64.ActiveCfg = Release|Any CPU
		{B8A5DF20-CA2D-45B3-B1E5-50986703D899}.Release|x64.Build.0 = Release|Any CPU
		{B8A5DF20-CA2D-45B3-B1E5-50986703D899}.Release|x86.ActiveCfg = Release|Any CPU
		{B8A5DF20-CA2D-45B3-B1E5-50986703D899}.Release|x86.Build.0 = Release|Any CPU
		{C2F002EB-5866-45AA-BBAD-DD5DA5AB4DCA}.Debug|Any CPU.ActiveCfg = Debug|Any CPU
		{C2F002EB-5866-45AA-BBAD-DD5DA5AB4DCA}.Debug|Any CPU.Build.0 = Debug|Any CPU
		{C2F002EB-5866-45AA-BBAD-DD5DA5AB4DCA}.Debug|x64.ActiveCfg = Debug|Any CPU
		{C2F002EB-5866-45AA-BBAD-DD5DA5AB4DCA}.Debug|x64.Build.0 = Debug|Any CPU
		{C2F002EB-5866-45AA-BBAD-DD5DA5AB4DCA}.Debug|x86.ActiveCfg = Debug|Any CPU
		{C2F002EB-5866-45AA-BBAD-DD5DA5AB4DCA}.Debug|x86.Build.0 = Debug|Any CPU
		{C2F002EB-5866-45AA-BBAD-DD5DA5AB4DCA}.Release|Any CPU.ActiveCfg = Release|Any CPU
		{C2F002EB-5866-45AA-BBAD-DD5DA5AB4DCA}.Release|Any CPU.Build.0 = Release|Any CPU
		{C2F002EB-5866-45AA-BBAD-DD5DA5AB4DCA}.Release|x64.ActiveCfg = Release|Any CPU
		{C2F002EB-5866-45AA-BBAD-DD5DA5AB4DCA}.Release|x64.Build.0 = Release|Any CPU
		{C2F002EB-5866-45AA-BBAD-DD5DA5AB4DCA}.Release|x86.ActiveCfg = Release|Any CPU
		{C2F002EB-5866-45AA-BBAD-DD5DA5AB4DCA}.Release|x86.Build.0 = Release|Any CPU
		{C267EA2E-73EA-4A12-A346-2EA5872A8DC9}.Debug|Any CPU.ActiveCfg = Debug|Any CPU
		{C267EA2E-73EA-4A12-A346-2EA5872A8DC9}.Debug|Any CPU.Build.0 = Debug|Any CPU
		{C267EA2E-73EA-4A12-A346-2EA5872A8DC9}.Debug|x64.ActiveCfg = Debug|Any CPU
		{C267EA2E-73EA-4A12-A346-2EA5872A8DC9}.Debug|x64.Build.0 = Debug|Any CPU
		{C267EA2E-73EA-4A12-A346-2EA5872A8DC9}.Debug|x86.ActiveCfg = Debug|Any CPU
		{C267EA2E-73EA-4A12-A346-2EA5872A8DC9}.Debug|x86.Build.0 = Debug|Any CPU
		{C267EA2E-73EA-4A12-A346-2EA5872A8DC9}.Release|Any CPU.ActiveCfg = Release|Any CPU
		{C267EA2E-73EA-4A12-A346-2EA5872A8DC9}.Release|Any CPU.Build.0 = Release|Any CPU
		{C267EA2E-73EA-4A12-A346-2EA5872A8DC9}.Release|x64.ActiveCfg = Release|Any CPU
		{C267EA2E-73EA-4A12-A346-2EA5872A8DC9}.Release|x64.Build.0 = Release|Any CPU
		{C267EA2E-73EA-4A12-A346-2EA5872A8DC9}.Release|x86.ActiveCfg = Release|Any CPU
		{C267EA2E-73EA-4A12-A346-2EA5872A8DC9}.Release|x86.Build.0 = Release|Any CPU
		{EC3AD3AE-63C3-4ED9-B6C8-38D17F3F8BC2}.Debug|Any CPU.ActiveCfg = Debug|Any CPU
		{EC3AD3AE-63C3-4ED9-B6C8-38D17F3F8BC2}.Debug|Any CPU.Build.0 = Debug|Any CPU
		{EC3AD3AE-63C3-4ED9-B6C8-38D17F3F8BC2}.Debug|x64.ActiveCfg = Debug|Any CPU
		{EC3AD3AE-63C3-4ED9-B6C8-38D17F3F8BC2}.Debug|x64.Build.0 = Debug|Any CPU
		{EC3AD3AE-63C3-4ED9-B6C8-38D17F3F8BC2}.Debug|x86.ActiveCfg = Debug|Any CPU
		{EC3AD3AE-63C3-4ED9-B6C8-38D17F3F8BC2}.Debug|x86.Build.0 = Debug|Any CPU
		{EC3AD3AE-63C3-4ED9-B6C8-38D17F3F8BC2}.Release|Any CPU.ActiveCfg = Release|Any CPU
		{EC3AD3AE-63C3-4ED9-B6C8-38D17F3F8BC2}.Release|Any CPU.Build.0 = Release|Any CPU
		{EC3AD3AE-63C3-4ED9-B6C8-38D17F3F8BC2}.Release|x64.ActiveCfg = Release|Any CPU
		{EC3AD3AE-63C3-4ED9-B6C8-38D17F3F8BC2}.Release|x64.Build.0 = Release|Any CPU
		{EC3AD3AE-63C3-4ED9-B6C8-38D17F3F8BC2}.Release|x86.ActiveCfg = Release|Any CPU
		{EC3AD3AE-63C3-4ED9-B6C8-38D17F3F8BC2}.Release|x86.Build.0 = Release|Any CPU
	EndGlobalSection
	GlobalSection(SolutionProperties) = preSolution
		HideSolutionNode = FALSE
	EndGlobalSection
	GlobalSection(NestedProjects) = preSolution
		{DD3CC6D7-3450-4AD9-A859-8421F3559E73} = {B50A38B7-ECD7-4E56-B1CA-45A3E951870D}
		{EC3AD3AE-63C3-4ED9-B6C8-38D17F3F8BC2} = {D0FB7EBA-9703-4DDC-BCCB-4032990BC9BC}
	EndGlobalSection
	GlobalSection(ExtensibilityGlobals) = postSolution
		SolutionGuid = {7EE98E88-7C40-45A5-B2D5-1B6C01E575FD}
	EndGlobalSection
EndGlobal
