
Microsoft Visual Studio Solution File, Format Version 12.00
# Visual Studio Version 17
VisualStudioVersion = 17.0.32126.317
MinimumVisualStudioVersion = 15.0.26124.0
Project("{6EC3EE1D-3C4E-46DD-8F32-0CC8E7565705}") = "SampleApp", "SampleApp\SampleApp.fsproj", "{DD3CC6D7-3450-4AD9-A859-8421F3559E73}"
EndProject
Project("{2150E333-8FDC-42A3-9474-1A3956D46DE8}") = "Sample", "Sample", "{B50A38B7-ECD7-4E56-B1CA-45A3E951870D}"
EndProject
Project("{2150E333-8FDC-42A3-9474-1A3956D46DE8}") = "_Tests", "_Tests", "{D0FB7EBA-9703-4DDC-BCCB-4032990BC9BC}"
EndProject
Project("{6EC3EE1D-3C4E-46DD-8F32-0CC8E7565705}") = "SqlHydra.Query", "SqlHydra.Query\SqlHydra.Query.fsproj", "{C267EA2E-73EA-4A12-A346-2EA5872A8DC9}"
EndProject
Project("{6EC3EE1D-3C4E-46DD-8F32-0CC8E7565705}") = "Tests", "Tests\Tests.fsproj", "{EC3AD3AE-63C3-4ED9-B6C8-38D17F3F8BC2}"
EndProject
Project("{6EC3EE1D-3C4E-46DD-8F32-0CC8E7565705}") = "Build", "Build\Build.fsproj", "{1D3ACD32-25B4-40BA-BFE8-6292F3F1A6B4}"
EndProject
Project("{6EC3EE1D-3C4E-46DD-8F32-0CC8E7565705}") = "SqlHydra.Domain", "SqlHydra.Domain\SqlHydra.Domain.fsproj", "{958CEE47-CC2A-4CA2-BFE3-53653CB39604}"
EndProject
Project("{6EC3EE1D-3C4E-46DD-8F32-0CC8E7565705}") = "SqlHydra.Cli", "SqlHydra.Cli\SqlHydra.Cli.fsproj", "{B02EE3C1-67FB-406A-BA07-C3039AC52F27}"
EndProject
Global
	GlobalSection(SolutionConfigurationPlatforms) = preSolution
		Debug|Any CPU = Debug|Any CPU
		Debug|x64 = Debug|x64
		Debug|x86 = Debug|x86
		DebugDocker|Any CPU = DebugDocker|Any CPU
		DebugDocker|x64 = DebugDocker|x64
		DebugDocker|x86 = DebugDocker|x86
		Release|Any CPU = Release|Any CPU
		Release|x64 = Release|x64
		Release|x86 = Release|x86
	EndGlobalSection
	GlobalSection(ProjectConfigurationPlatforms) = postSolution
		{DD3CC6D7-3450-4AD9-A859-8421F3559E73}.Debug|Any CPU.ActiveCfg = Debug|Any CPU
		{DD3CC6D7-3450-4AD9-A859-8421F3559E73}.Debug|Any CPU.Build.0 = Debug|Any CPU
		{DD3CC6D7-3450-4AD9-A859-8421F3559E73}.Debug|x64.ActiveCfg = Debug|Any CPU
		{DD3CC6D7-3450-4AD9-A859-8421F3559E73}.Debug|x64.Build.0 = Debug|Any CPU
		{DD3CC6D7-3450-4AD9-A859-8421F3559E73}.Debug|x86.ActiveCfg = Debug|Any CPU
		{DD3CC6D7-3450-4AD9-A859-8421F3559E73}.Debug|x86.Build.0 = Debug|Any CPU
		{DD3CC6D7-3450-4AD9-A859-8421F3559E73}.DebugDocker|Any CPU.ActiveCfg = Debug|Any CPU
		{DD3CC6D7-3450-4AD9-A859-8421F3559E73}.DebugDocker|Any CPU.Build.0 = Debug|Any CPU
		{DD3CC6D7-3450-4AD9-A859-8421F3559E73}.DebugDocker|x64.ActiveCfg = Debug|Any CPU
		{DD3CC6D7-3450-4AD9-A859-8421F3559E73}.DebugDocker|x64.Build.0 = Debug|Any CPU
		{DD3CC6D7-3450-4AD9-A859-8421F3559E73}.DebugDocker|x86.ActiveCfg = Debug|Any CPU
		{DD3CC6D7-3450-4AD9-A859-8421F3559E73}.DebugDocker|x86.Build.0 = Debug|Any CPU
		{DD3CC6D7-3450-4AD9-A859-8421F3559E73}.Release|Any CPU.ActiveCfg = Release|Any CPU
		{DD3CC6D7-3450-4AD9-A859-8421F3559E73}.Release|Any CPU.Build.0 = Release|Any CPU
		{DD3CC6D7-3450-4AD9-A859-8421F3559E73}.Release|x64.ActiveCfg = Release|Any CPU
		{DD3CC6D7-3450-4AD9-A859-8421F3559E73}.Release|x64.Build.0 = Release|Any CPU
		{DD3CC6D7-3450-4AD9-A859-8421F3559E73}.Release|x86.ActiveCfg = Release|Any CPU
		{DD3CC6D7-3450-4AD9-A859-8421F3559E73}.Release|x86.Build.0 = Release|Any CPU
		{C267EA2E-73EA-4A12-A346-2EA5872A8DC9}.Debug|Any CPU.ActiveCfg = Debug|Any CPU
		{C267EA2E-73EA-4A12-A346-2EA5872A8DC9}.Debug|Any CPU.Build.0 = Debug|Any CPU
		{C267EA2E-73EA-4A12-A346-2EA5872A8DC9}.Debug|x64.ActiveCfg = Debug|Any CPU
		{C267EA2E-73EA-4A12-A346-2EA5872A8DC9}.Debug|x64.Build.0 = Debug|Any CPU
		{C267EA2E-73EA-4A12-A346-2EA5872A8DC9}.Debug|x86.ActiveCfg = Debug|Any CPU
		{C267EA2E-73EA-4A12-A346-2EA5872A8DC9}.Debug|x86.Build.0 = Debug|Any CPU
		{C267EA2E-73EA-4A12-A346-2EA5872A8DC9}.DebugDocker|Any CPU.ActiveCfg = Debug|Any CPU
		{C267EA2E-73EA-4A12-A346-2EA5872A8DC9}.DebugDocker|Any CPU.Build.0 = Debug|Any CPU
		{C267EA2E-73EA-4A12-A346-2EA5872A8DC9}.DebugDocker|x64.ActiveCfg = Debug|Any CPU
		{C267EA2E-73EA-4A12-A346-2EA5872A8DC9}.DebugDocker|x64.Build.0 = Debug|Any CPU
		{C267EA2E-73EA-4A12-A346-2EA5872A8DC9}.DebugDocker|x86.ActiveCfg = Debug|Any CPU
		{C267EA2E-73EA-4A12-A346-2EA5872A8DC9}.DebugDocker|x86.Build.0 = Debug|Any CPU
		{C267EA2E-73EA-4A12-A346-2EA5872A8DC9}.Release|Any CPU.ActiveCfg = Release|Any CPU
		{C267EA2E-73EA-4A12-A346-2EA5872A8DC9}.Release|Any CPU.Build.0 = Release|Any CPU
		{C267EA2E-73EA-4A12-A346-2EA5872A8DC9}.Release|x64.ActiveCfg = Release|Any CPU
		{C267EA2E-73EA-4A12-A346-2EA5872A8DC9}.Release|x64.Build.0 = Release|Any CPU
		{C267EA2E-73EA-4A12-A346-2EA5872A8DC9}.Release|x86.ActiveCfg = Release|Any CPU
		{C267EA2E-73EA-4A12-A346-2EA5872A8DC9}.Release|x86.Build.0 = Release|Any CPU
		{EC3AD3AE-63C3-4ED9-B6C8-38D17F3F8BC2}.Debug|Any CPU.ActiveCfg = Debug|Any CPU
		{EC3AD3AE-63C3-4ED9-B6C8-38D17F3F8BC2}.Debug|Any CPU.Build.0 = Debug|Any CPU
		{EC3AD3AE-63C3-4ED9-B6C8-38D17F3F8BC2}.Debug|x64.ActiveCfg = Debug|Any CPU
		{EC3AD3AE-63C3-4ED9-B6C8-38D17F3F8BC2}.Debug|x64.Build.0 = Debug|Any CPU
		{EC3AD3AE-63C3-4ED9-B6C8-38D17F3F8BC2}.Debug|x86.ActiveCfg = Debug|Any CPU
		{EC3AD3AE-63C3-4ED9-B6C8-38D17F3F8BC2}.Debug|x86.Build.0 = Debug|Any CPU
		{EC3AD3AE-63C3-4ED9-B6C8-38D17F3F8BC2}.DebugDocker|Any CPU.ActiveCfg = DebugDocker|Any CPU
		{EC3AD3AE-63C3-4ED9-B6C8-38D17F3F8BC2}.DebugDocker|Any CPU.Build.0 = DebugDocker|Any CPU
		{EC3AD3AE-63C3-4ED9-B6C8-38D17F3F8BC2}.DebugDocker|x64.ActiveCfg = Debug|Any CPU
		{EC3AD3AE-63C3-4ED9-B6C8-38D17F3F8BC2}.DebugDocker|x64.Build.0 = Debug|Any CPU
		{EC3AD3AE-63C3-4ED9-B6C8-38D17F3F8BC2}.DebugDocker|x86.ActiveCfg = Debug|Any CPU
		{EC3AD3AE-63C3-4ED9-B6C8-38D17F3F8BC2}.DebugDocker|x86.Build.0 = Debug|Any CPU
		{EC3AD3AE-63C3-4ED9-B6C8-38D17F3F8BC2}.Release|Any CPU.ActiveCfg = Release|Any CPU
		{EC3AD3AE-63C3-4ED9-B6C8-38D17F3F8BC2}.Release|Any CPU.Build.0 = Release|Any CPU
		{EC3AD3AE-63C3-4ED9-B6C8-38D17F3F8BC2}.Release|x64.ActiveCfg = Release|Any CPU
		{EC3AD3AE-63C3-4ED9-B6C8-38D17F3F8BC2}.Release|x64.Build.0 = Release|Any CPU
		{EC3AD3AE-63C3-4ED9-B6C8-38D17F3F8BC2}.Release|x86.ActiveCfg = Release|Any CPU
		{EC3AD3AE-63C3-4ED9-B6C8-38D17F3F8BC2}.Release|x86.Build.0 = Release|Any CPU
		{1D3ACD32-25B4-40BA-BFE8-6292F3F1A6B4}.Debug|Any CPU.ActiveCfg = Debug|Any CPU
		{1D3ACD32-25B4-40BA-BFE8-6292F3F1A6B4}.Debug|Any CPU.Build.0 = Debug|Any CPU
		{1D3ACD32-25B4-40BA-BFE8-6292F3F1A6B4}.Debug|x64.ActiveCfg = Debug|Any CPU
		{1D3ACD32-25B4-40BA-BFE8-6292F3F1A6B4}.Debug|x64.Build.0 = Debug|Any CPU
		{1D3ACD32-25B4-40BA-BFE8-6292F3F1A6B4}.Debug|x86.ActiveCfg = Debug|Any CPU
		{1D3ACD32-25B4-40BA-BFE8-6292F3F1A6B4}.Debug|x86.Build.0 = Debug|Any CPU
		{1D3ACD32-25B4-40BA-BFE8-6292F3F1A6B4}.DebugDocker|Any CPU.ActiveCfg = Debug|Any CPU
		{1D3ACD32-25B4-40BA-BFE8-6292F3F1A6B4}.DebugDocker|Any CPU.Build.0 = Debug|Any CPU
		{1D3ACD32-25B4-40BA-BFE8-6292F3F1A6B4}.DebugDocker|x64.ActiveCfg = Debug|Any CPU
		{1D3ACD32-25B4-40BA-BFE8-6292F3F1A6B4}.DebugDocker|x64.Build.0 = Debug|Any CPU
		{1D3ACD32-25B4-40BA-BFE8-6292F3F1A6B4}.DebugDocker|x86.ActiveCfg = Debug|Any CPU
		{1D3ACD32-25B4-40BA-BFE8-6292F3F1A6B4}.DebugDocker|x86.Build.0 = Debug|Any CPU
		{1D3ACD32-25B4-40BA-BFE8-6292F3F1A6B4}.Release|Any CPU.ActiveCfg = Release|Any CPU
		{1D3ACD32-25B4-40BA-BFE8-6292F3F1A6B4}.Release|Any CPU.Build.0 = Release|Any CPU
		{1D3ACD32-25B4-40BA-BFE8-6292F3F1A6B4}.Release|x64.ActiveCfg = Release|Any CPU
		{1D3ACD32-25B4-40BA-BFE8-6292F3F1A6B4}.Release|x64.Build.0 = Release|Any CPU
		{1D3ACD32-25B4-40BA-BFE8-6292F3F1A6B4}.Release|x86.ActiveCfg = Release|Any CPU
		{1D3ACD32-25B4-40BA-BFE8-6292F3F1A6B4}.Release|x86.Build.0 = Release|Any CPU
		{958CEE47-CC2A-4CA2-BFE3-53653CB39604}.Debug|Any CPU.ActiveCfg = Debug|Any CPU
		{958CEE47-CC2A-4CA2-BFE3-53653CB39604}.Debug|Any CPU.Build.0 = Debug|Any CPU
		{958CEE47-CC2A-4CA2-BFE3-53653CB39604}.Debug|x64.ActiveCfg = Debug|Any CPU
		{958CEE47-CC2A-4CA2-BFE3-53653CB39604}.Debug|x64.Build.0 = Debug|Any CPU
		{958CEE47-CC2A-4CA2-BFE3-53653CB39604}.Debug|x86.ActiveCfg = Debug|Any CPU
		{958CEE47-CC2A-4CA2-BFE3-53653CB39604}.Debug|x86.Build.0 = Debug|Any CPU
		{958CEE47-CC2A-4CA2-BFE3-53653CB39604}.DebugDocker|Any CPU.ActiveCfg = Debug|Any CPU
		{958CEE47-CC2A-4CA2-BFE3-53653CB39604}.DebugDocker|Any CPU.Build.0 = Debug|Any CPU
		{958CEE47-CC2A-4CA2-BFE3-53653CB39604}.DebugDocker|x64.ActiveCfg = Debug|Any CPU
		{958CEE47-CC2A-4CA2-BFE3-53653CB39604}.DebugDocker|x64.Build.0 = Debug|Any CPU
		{958CEE47-CC2A-4CA2-BFE3-53653CB39604}.DebugDocker|x86.ActiveCfg = Debug|Any CPU
		{958CEE47-CC2A-4CA2-BFE3-53653CB39604}.DebugDocker|x86.Build.0 = Debug|Any CPU
		{958CEE47-CC2A-4CA2-BFE3-53653CB39604}.Release|Any CPU.ActiveCfg = Release|Any CPU
		{958CEE47-CC2A-4CA2-BFE3-53653CB39604}.Release|Any CPU.Build.0 = Release|Any CPU
		{958CEE47-CC2A-4CA2-BFE3-53653CB39604}.Release|x64.ActiveCfg = Release|Any CPU
		{958CEE47-CC2A-4CA2-BFE3-53653CB39604}.Release|x64.Build.0 = Release|Any CPU
		{958CEE47-CC2A-4CA2-BFE3-53653CB39604}.Release|x86.ActiveCfg = Release|Any CPU
		{958CEE47-CC2A-4CA2-BFE3-53653CB39604}.Release|x86.Build.0 = Release|Any CPU
		{B02EE3C1-67FB-406A-BA07-C3039AC52F27}.Debug|Any CPU.ActiveCfg = Debug|Any CPU
		{B02EE3C1-67FB-406A-BA07-C3039AC52F27}.Debug|Any CPU.Build.0 = Debug|Any CPU
		{B02EE3C1-67FB-406A-BA07-C3039AC52F27}.Debug|x64.ActiveCfg = Debug|Any CPU
		{B02EE3C1-67FB-406A-BA07-C3039AC52F27}.Debug|x64.Build.0 = Debug|Any CPU
		{B02EE3C1-67FB-406A-BA07-C3039AC52F27}.Debug|x86.ActiveCfg = Debug|Any CPU
		{B02EE3C1-67FB-406A-BA07-C3039AC52F27}.Debug|x86.Build.0 = Debug|Any CPU
		{B02EE3C1-67FB-406A-BA07-C3039AC52F27}.DebugDocker|Any CPU.ActiveCfg = Debug|Any CPU
		{B02EE3C1-67FB-406A-BA07-C3039AC52F27}.DebugDocker|Any CPU.Build.0 = Debug|Any CPU
		{B02EE3C1-67FB-406A-BA07-C3039AC52F27}.DebugDocker|x64.ActiveCfg = Debug|Any CPU
		{B02EE3C1-67FB-406A-BA07-C3039AC52F27}.DebugDocker|x64.Build.0 = Debug|Any CPU
		{B02EE3C1-67FB-406A-BA07-C3039AC52F27}.DebugDocker|x86.ActiveCfg = Debug|Any CPU
		{B02EE3C1-67FB-406A-BA07-C3039AC52F27}.DebugDocker|x86.Build.0 = Debug|Any CPU
		{B02EE3C1-67FB-406A-BA07-C3039AC52F27}.Release|Any CPU.ActiveCfg = Release|Any CPU
		{B02EE3C1-67FB-406A-BA07-C3039AC52F27}.Release|Any CPU.Build.0 = Release|Any CPU
		{B02EE3C1-67FB-406A-BA07-C3039AC52F27}.Release|x64.ActiveCfg = Release|Any CPU
		{B02EE3C1-67FB-406A-BA07-C3039AC52F27}.Release|x64.Build.0 = Release|Any CPU
		{B02EE3C1-67FB-406A-BA07-C3039AC52F27}.Release|x86.ActiveCfg = Release|Any CPU
		{B02EE3C1-67FB-406A-BA07-C3039AC52F27}.Release|x86.Build.0 = Release|Any CPU
	EndGlobalSection
	GlobalSection(SolutionProperties) = preSolution
		HideSolutionNode = FALSE
	EndGlobalSection
	GlobalSection(NestedProjects) = preSolution
		{DD3CC6D7-3450-4AD9-A859-8421F3559E73} = {B50A38B7-ECD7-4E56-B1CA-45A3E951870D}
		{EC3AD3AE-63C3-4ED9-B6C8-38D17F3F8BC2} = {D0FB7EBA-9703-4DDC-BCCB-4032990BC9BC}
	EndGlobalSection
	GlobalSection(ExtensibilityGlobals) = postSolution
		SolutionGuid = {7EE98E88-7C40-45A5-B2D5-1B6C01E575FD}
	EndGlobalSection
EndGlobal
